{
  "lockfileVersion": 1,
  "workspaces": {
    "": {
      "name": "lambda1",
      "dependencies": {
        "@prisma/client": "^6.6.0",
        "prisma": "^6.6.0",
      },
      "devDependencies": {
        "@aws-sdk/rds-signer": "^3.787.0",
        "@types/aws-lambda": "^8.10.149",
        "@types/node": "^22.14.1",
        "esbuild": "^0.25.2",
        "mysql2": "^3.14.0",
        "ts-node": "^10.9.2",
        "typescript": "^5.8.3",
      },
    },
  },
  "packages": {
    "@aws-crypto/sha256-browser": ["@aws-crypto/sha256-browser@5.2.0", "", { "dependencies": { "@aws-crypto/sha256-js": "^5.2.0", "@aws-crypto/supports-web-crypto": "^5.2.0", "@aws-crypto/util": "^5.2.0", "@aws-sdk/types": "^3.222.0", "@aws-sdk/util-locate-window": "^3.0.0", "@smithy/util-utf8": "^2.0.0", "tslib": "^2.6.2" } }, "sha512-AXfN/lGotSQwu6HNcEsIASo7kWXZ5HYWvfOmSNKDsEqC4OashTp8alTmaz+F7TC2L083SFv5RdB+qU3Vs1kZqw=="],

    "@aws-crypto/sha256-js": ["@aws-crypto/sha256-js@5.2.0", "", { "dependencies": { "@aws-crypto/util": "^5.2.0", "@aws-sdk/types": "^3.222.0", "tslib": "^2.6.2" } }, "sha512-FFQQyu7edu4ufvIZ+OadFpHHOt+eSTBaYaki44c+akjg7qZg9oOQeLlk77F6tSYqjDAFClrHJk9tMf0HdVyOvA=="],

    "@aws-crypto/supports-web-crypto": ["@aws-crypto/supports-web-crypto@5.2.0", "", { "dependencies": { "tslib": "^2.6.2" } }, "sha512-iAvUotm021kM33eCdNfwIN//F77/IADDSs58i+MDaOqFrVjZo9bAal0NK7HurRuWLLpF1iLX7gbWrjHjeo+YFg=="],

    "@aws-crypto/util": ["@aws-crypto/util@5.2.0", "", { "dependencies": { "@aws-sdk/types": "^3.222.0", "@smithy/util-utf8": "^2.0.0", "tslib": "^2.6.2" } }, "sha512-4RkU9EsI6ZpBve5fseQlGNUWKMa1RLPQ1dnjnQoe07ldfIzcsGb5hC5W0Dm7u423KWzawlrpbjXBrXCEv9zazQ=="],

    "@aws-sdk/client-cognito-identity": ["@aws-sdk/client-cognito-identity@3.787.0", "", { "dependencies": { "@aws-crypto/sha256-browser": "5.2.0", "@aws-crypto/sha256-js": "5.2.0", "@aws-sdk/core": "3.775.0", "@aws-sdk/credential-provider-node": "3.787.0", "@aws-sdk/middleware-host-header": "3.775.0", "@aws-sdk/middleware-logger": "3.775.0", "@aws-sdk/middleware-recursion-detection": "3.775.0", "@aws-sdk/middleware-user-agent": "3.787.0", "@aws-sdk/region-config-resolver": "3.775.0", "@aws-sdk/types": "3.775.0", "@aws-sdk/util-endpoints": "3.787.0", "@aws-sdk/util-user-agent-browser": "3.775.0", "@aws-sdk/util-user-agent-node": "3.787.0", "@smithy/config-resolver": "^4.1.0", "@smithy/core": "^3.2.0", "@smithy/fetch-http-handler": "^5.0.2", "@smithy/hash-node": "^4.0.2", "@smithy/invalid-dependency": "^4.0.2", "@smithy/middleware-content-length": "^4.0.2", "@smithy/middleware-endpoint": "^4.1.0", "@smithy/middleware-retry": "^4.1.0", "@smithy/middleware-serde": "^4.0.3", "@smithy/middleware-stack": "^4.0.2", "@smithy/node-config-provider": "^4.0.2", "@smithy/node-http-handler": "^4.0.4", "@smithy/protocol-http": "^5.1.0", "@smithy/smithy-client": "^4.2.0", "@smithy/types": "^4.2.0", "@smithy/url-parser": "^4.0.2", "@smithy/util-base64": "^4.0.0", "@smithy/util-body-length-browser": "^4.0.0", "@smithy/util-body-length-node": "^4.0.0", "@smithy/util-defaults-mode-browser": "^4.0.8", "@smithy/util-defaults-mode-node": "^4.0.8", "@smithy/util-endpoints": "^3.0.2", "@smithy/util-middleware": "^4.0.2", "@smithy/util-retry": "^4.0.2", "@smithy/util-utf8": "^4.0.0", "tslib": "^2.6.2" } }, "sha512-7v6nywZ5wcQxX7qdZ5M1ld15QdkzLU6fAKiEqbvJKu4dM8cFW6As+DbS990Mg46pp1xM/yvme+51xZDTfTfJZA=="],

    "@aws-sdk/client-sso": ["@aws-sdk/client-sso@3.787.0", "", { "dependencies": { "@aws-crypto/sha256-browser": "5.2.0", "@aws-crypto/sha256-js": "5.2.0", "@aws-sdk/core": "3.775.0", "@aws-sdk/middleware-host-header": "3.775.0", "@aws-sdk/middleware-logger": "3.775.0", "@aws-sdk/middleware-recursion-detection": "3.775.0", "@aws-sdk/middleware-user-agent": "3.787.0", "@aws-sdk/region-config-resolver": "3.775.0", "@aws-sdk/types": "3.775.0", "@aws-sdk/util-endpoints": "3.787.0", "@aws-sdk/util-user-agent-browser": "3.775.0", "@aws-sdk/util-user-agent-node": "3.787.0", "@smithy/config-resolver": "^4.1.0", "@smithy/core": "^3.2.0", "@smithy/fetch-http-handler": "^5.0.2", "@smithy/hash-node": "^4.0.2", "@smithy/invalid-dependency": "^4.0.2", "@smithy/middleware-content-length": "^4.0.2", "@smithy/middleware-endpoint": "^4.1.0", "@smithy/middleware-retry": "^4.1.0", "@smithy/middleware-serde": "^4.0.3", "@smithy/middleware-stack": "^4.0.2", "@smithy/node-config-provider": "^4.0.2", "@smithy/node-http-handler": "^4.0.4", "@smithy/protocol-http": "^5.1.0", "@smithy/smithy-client": "^4.2.0", "@smithy/types": "^4.2.0", "@smithy/url-parser": "^4.0.2", "@smithy/util-base64": "^4.0.0", "@smithy/util-body-length-browser": "^4.0.0", "@smithy/util-body-length-node": "^4.0.0", "@smithy/util-defaults-mode-browser": "^4.0.8", "@smithy/util-defaults-mode-node": "^4.0.8", "@smithy/util-endpoints": "^3.0.2", "@smithy/util-middleware": "^4.0.2", "@smithy/util-retry": "^4.0.2", "@smithy/util-utf8": "^4.0.0", "tslib": "^2.6.2" } }, "sha512-L8R+Mh258G0DC73ktpSVrG4TT9i2vmDLecARTDR/4q5sRivdDQSL5bUp3LKcK80Bx+FRw3UETIlX6mYMLL9PJQ=="],

    "@aws-sdk/core": ["@aws-sdk/core@3.775.0", "", { "dependencies": { "@aws-sdk/types": "3.775.0", "@smithy/core": "^3.2.0", "@smithy/node-config-provider": "^4.0.2", "@smithy/property-provider": "^4.0.2", "@smithy/protocol-http": "^5.1.0", "@smithy/signature-v4": "^5.0.2", "@smithy/smithy-client": "^4.2.0", "@smithy/types": "^4.2.0", "@smithy/util-middleware": "^4.0.2", "fast-xml-parser": "4.4.1", "tslib": "^2.6.2" } }, "sha512-8vpW4WihVfz0DX+7WnnLGm3GuQER++b0IwQG35JlQMlgqnc44M//KbJPsIHA0aJUJVwJAEShgfr5dUbY8WUzaA=="],

    "@aws-sdk/credential-provider-cognito-identity": ["@aws-sdk/credential-provider-cognito-identity@3.787.0", "", { "dependencies": { "@aws-sdk/client-cognito-identity": "3.787.0", "@aws-sdk/types": "3.775.0", "@smithy/property-provider": "^4.0.2", "@smithy/types": "^4.2.0", "tslib": "^2.6.2" } }, "sha512-nF5XjgvZHFuyttOeTjMgfEsg6slZPQ6uI34yzq12Kq4icFgcD4bQsijnQClMN7A0u5qR8Ad8kume4b7+I2++Ig=="],

    "@aws-sdk/credential-provider-env": ["@aws-sdk/credential-provider-env@3.775.0", "", { "dependencies": { "@aws-sdk/core": "3.775.0", "@aws-sdk/types": "3.775.0", "@smithy/property-provider": "^4.0.2", "@smithy/types": "^4.2.0", "tslib": "^2.6.2" } }, "sha512-6ESVxwCbGm7WZ17kY1fjmxQud43vzJFoLd4bmlR+idQSWdqlzGDYdcfzpjDKTcivdtNrVYmFvcH1JBUwCRAZhw=="],

    "@aws-sdk/credential-provider-http": ["@aws-sdk/credential-provider-http@3.775.0", "", { "dependencies": { "@aws-sdk/core": "3.775.0", "@aws-sdk/types": "3.775.0", "@smithy/fetch-http-handler": "^5.0.2", "@smithy/node-http-handler": "^4.0.4", "@smithy/property-provider": "^4.0.2", "@smithy/protocol-http": "^5.1.0", "@smithy/smithy-client": "^4.2.0", "@smithy/types": "^4.2.0", "@smithy/util-stream": "^4.2.0", "tslib": "^2.6.2" } }, "sha512-PjDQeDH/J1S0yWV32wCj2k5liRo0ssXMseCBEkCsD3SqsU8o5cU82b0hMX4sAib/RkglCSZqGO0xMiN0/7ndww=="],

    "@aws-sdk/credential-provider-ini": ["@aws-sdk/credential-provider-ini@3.787.0", "", { "dependencies": { "@aws-sdk/core": "3.775.0", "@aws-sdk/credential-provider-env": "3.775.0", "@aws-sdk/credential-provider-http": "3.775.0", "@aws-sdk/credential-provider-process": "3.775.0", "@aws-sdk/credential-provider-sso": "3.787.0", "@aws-sdk/credential-provider-web-identity": "3.787.0", "@aws-sdk/nested-clients": "3.787.0", "@aws-sdk/types": "3.775.0", "@smithy/credential-provider-imds": "^4.0.2", "@smithy/property-provider": "^4.0.2", "@smithy/shared-ini-file-loader": "^4.0.2", "@smithy/types": "^4.2.0", "tslib": "^2.6.2" } }, "sha512-hc2taRoDlXn2uuNuHWDJljVWYrp3r9JF1a/8XmOAZhVUNY+ImeeStylHXhXXKEA4JOjW+5PdJj0f1UDkVCHJiQ=="],

    "@aws-sdk/credential-provider-node": ["@aws-sdk/credential-provider-node@3.787.0", "", { "dependencies": { "@aws-sdk/credential-provider-env": "3.775.0", "@aws-sdk/credential-provider-http": "3.775.0", "@aws-sdk/credential-provider-ini": "3.787.0", "@aws-sdk/credential-provider-process": "3.775.0", "@aws-sdk/credential-provider-sso": "3.787.0", "@aws-sdk/credential-provider-web-identity": "3.787.0", "@aws-sdk/types": "3.775.0", "@smithy/credential-provider-imds": "^4.0.2", "@smithy/property-provider": "^4.0.2", "@smithy/shared-ini-file-loader": "^4.0.2", "@smithy/types": "^4.2.0", "tslib": "^2.6.2" } }, "sha512-JioVi44B1vDMaK2CdzqimwvJD3uzvzbQhaEWXsGMBcMcNHajXAXf08EF50JG3ZhLrhhUsT1ObXpbTaPINOhh+g=="],

    "@aws-sdk/credential-provider-process": ["@aws-sdk/credential-provider-process@3.775.0", "", { "dependencies": { "@aws-sdk/core": "3.775.0", "@aws-sdk/types": "3.775.0", "@smithy/property-provider": "^4.0.2", "@smithy/shared-ini-file-loader": "^4.0.2", "@smithy/types": "^4.2.0", "tslib": "^2.6.2" } }, "sha512-A6k68H9rQp+2+7P7SGO90Csw6nrUEm0Qfjpn9Etc4EboZhhCLs9b66umUsTsSBHus4FDIe5JQxfCUyt1wgNogg=="],

    "@aws-sdk/credential-provider-sso": ["@aws-sdk/credential-provider-sso@3.787.0", "", { "dependencies": { "@aws-sdk/client-sso": "3.787.0", "@aws-sdk/core": "3.775.0", "@aws-sdk/token-providers": "3.787.0", "@aws-sdk/types": "3.775.0", "@smithy/property-provider": "^4.0.2", "@smithy/shared-ini-file-loader": "^4.0.2", "@smithy/types": "^4.2.0", "tslib": "^2.6.2" } }, "sha512-fHc08bsvwm4+dEMEQKnQ7c1irEQmmxbgS+Fq41y09pPvPh31nAhoMcjBSTWAaPHvvsRbTYvmP4Mf12ZGr8/nfg=="],

    "@aws-sdk/credential-provider-web-identity": ["@aws-sdk/credential-provider-web-identity@3.787.0", "", { "dependencies": { "@aws-sdk/core": "3.775.0", "@aws-sdk/nested-clients": "3.787.0", "@aws-sdk/types": "3.775.0", "@smithy/property-provider": "^4.0.2", "@smithy/types": "^4.2.0", "tslib": "^2.6.2" } }, "sha512-SobmCwNbk6TfEsF283mZPQEI5vV2j6eY5tOCj8Er4Lzraxu9fBPADV+Bib2A8F6jlB1lMPJzOuDCbEasSt/RIw=="],

    "@aws-sdk/credential-providers": ["@aws-sdk/credential-providers@3.787.0", "", { "dependencies": { "@aws-sdk/client-cognito-identity": "3.787.0", "@aws-sdk/core": "3.775.0", "@aws-sdk/credential-provider-cognito-identity": "3.787.0", "@aws-sdk/credential-provider-env": "3.775.0", "@aws-sdk/credential-provider-http": "3.775.0", "@aws-sdk/credential-provider-ini": "3.787.0", "@aws-sdk/credential-provider-node": "3.787.0", "@aws-sdk/credential-provider-process": "3.775.0", "@aws-sdk/credential-provider-sso": "3.787.0", "@aws-sdk/credential-provider-web-identity": "3.787.0", "@aws-sdk/nested-clients": "3.787.0", "@aws-sdk/types": "3.775.0", "@smithy/config-resolver": "^4.1.0", "@smithy/core": "^3.2.0", "@smithy/credential-provider-imds": "^4.0.2", "@smithy/node-config-provider": "^4.0.2", "@smithy/property-provider": "^4.0.2", "@smithy/types": "^4.2.0", "tslib": "^2.6.2" } }, "sha512-kR3RtI7drOc9pho13vWbUC2Bvrx9A0G4iizBDGmTs08NOdg4w3c1I4kdLG9tyPiIMeVnH+wYrsli5CM7xIfqiA=="],

    "@aws-sdk/middleware-host-header": ["@aws-sdk/middleware-host-header@3.775.0", "", { "dependencies": { "@aws-sdk/types": "3.775.0", "@smithy/protocol-http": "^5.1.0", "@smithy/types": "^4.2.0", "tslib": "^2.6.2" } }, "sha512-tkSegM0Z6WMXpLB8oPys/d+umYIocvO298mGvcMCncpRl77L9XkvSLJIFzaHes+o7djAgIduYw8wKIMStFss2w=="],

    "@aws-sdk/middleware-logger": ["@aws-sdk/middleware-logger@3.775.0", "", { "dependencies": { "@aws-sdk/types": "3.775.0", "@smithy/types": "^4.2.0", "tslib": "^2.6.2" } }, "sha512-FaxO1xom4MAoUJsldmR92nT1G6uZxTdNYOFYtdHfd6N2wcNaTuxgjIvqzg5y7QIH9kn58XX/dzf1iTjgqUStZw=="],

    "@aws-sdk/middleware-recursion-detection": ["@aws-sdk/middleware-recursion-detection@3.775.0", "", { "dependencies": { "@aws-sdk/types": "3.775.0", "@smithy/protocol-http": "^5.1.0", "@smithy/types": "^4.2.0", "tslib": "^2.6.2" } }, "sha512-GLCzC8D0A0YDG5u3F5U03Vb9j5tcOEFhr8oc6PDk0k0vm5VwtZOE6LvK7hcCSoAB4HXyOUM0sQuXrbaAh9OwXA=="],

    "@aws-sdk/middleware-user-agent": ["@aws-sdk/middleware-user-agent@3.787.0", "", { "dependencies": { "@aws-sdk/core": "3.775.0", "@aws-sdk/types": "3.775.0", "@aws-sdk/util-endpoints": "3.787.0", "@smithy/core": "^3.2.0", "@smithy/protocol-http": "^5.1.0", "@smithy/types": "^4.2.0", "tslib": "^2.6.2" } }, "sha512-Lnfj8SmPLYtrDFthNIaNj66zZsBCam+E4XiUDr55DIHTGstH6qZ/q6vg0GfbukxwSmUcGMwSR4Qbn8rb8yd77g=="],

    "@aws-sdk/nested-clients": ["@aws-sdk/nested-clients@3.787.0", "", { "dependencies": { "@aws-crypto/sha256-browser": "5.2.0", "@aws-crypto/sha256-js": "5.2.0", "@aws-sdk/core": "3.775.0", "@aws-sdk/middleware-host-header": "3.775.0", "@aws-sdk/middleware-logger": "3.775.0", "@aws-sdk/middleware-recursion-detection": "3.775.0", "@aws-sdk/middleware-user-agent": "3.787.0", "@aws-sdk/region-config-resolver": "3.775.0", "@aws-sdk/types": "3.775.0", "@aws-sdk/util-endpoints": "3.787.0", "@aws-sdk/util-user-agent-browser": "3.775.0", "@aws-sdk/util-user-agent-node": "3.787.0", "@smithy/config-resolver": "^4.1.0", "@smithy/core": "^3.2.0", "@smithy/fetch-http-handler": "^5.0.2", "@smithy/hash-node": "^4.0.2", "@smithy/invalid-dependency": "^4.0.2", "@smithy/middleware-content-length": "^4.0.2", "@smithy/middleware-endpoint": "^4.1.0", "@smithy/middleware-retry": "^4.1.0", "@smithy/middleware-serde": "^4.0.3", "@smithy/middleware-stack": "^4.0.2", "@smithy/node-config-provider": "^4.0.2", "@smithy/node-http-handler": "^4.0.4", "@smithy/protocol-http": "^5.1.0", "@smithy/smithy-client": "^4.2.0", "@smithy/types": "^4.2.0", "@smithy/url-parser": "^4.0.2", "@smithy/util-base64": "^4.0.0", "@smithy/util-body-length-browser": "^4.0.0", "@smithy/util-body-length-node": "^4.0.0", "@smithy/util-defaults-mode-browser": "^4.0.8", "@smithy/util-defaults-mode-node": "^4.0.8", "@smithy/util-endpoints": "^3.0.2", "@smithy/util-middleware": "^4.0.2", "@smithy/util-retry": "^4.0.2", "@smithy/util-utf8": "^4.0.0", "tslib": "^2.6.2" } }, "sha512-xk03q1xpKNHgbuo+trEf1dFrI239kuMmjKKsqLEsHlAZbuFq4yRGMlHBrVMnKYOPBhVFDS/VineM991XI52fKg=="],

    "@aws-sdk/rds-signer": ["@aws-sdk/rds-signer@3.787.0", "", { "dependencies": { "@aws-crypto/sha256-browser": "5.2.0", "@aws-crypto/sha256-js": "5.2.0", "@aws-sdk/credential-providers": "3.787.0", "@aws-sdk/util-format-url": "3.775.0", "@smithy/config-resolver": "^4.1.0", "@smithy/hash-node": "^4.0.2", "@smithy/invalid-dependency": "^4.0.2", "@smithy/node-config-provider": "^4.0.2", "@smithy/protocol-http": "^5.1.0", "@smithy/signature-v4": "^5.0.2", "@smithy/types": "^4.2.0", "tslib": "^2.6.2" } }, "sha512-MojsWE1gLV7EWijSL2nxQGxIDgtNR/cpB7k6P2JB3M0j7bAFeqG61mSFBvuVAx35jwfZ31Pc+OZCID6hv217vw=="],

    "@aws-sdk/region-config-resolver": ["@aws-sdk/region-config-resolver@3.775.0", "", { "dependencies": { "@aws-sdk/types": "3.775.0", "@smithy/node-config-provider": "^4.0.2", "@smithy/types": "^4.2.0", "@smithy/util-config-provider": "^4.0.0", "@smithy/util-middleware": "^4.0.2", "tslib": "^2.6.2" } }, "sha512-40iH3LJjrQS3LKUJAl7Wj0bln7RFPEvUYKFxtP8a+oKFDO0F65F52xZxIJbPn6sHkxWDAnZlGgdjZXM3p2g5wQ=="],

    "@aws-sdk/token-providers": ["@aws-sdk/token-providers@3.787.0", "", { "dependencies": { "@aws-sdk/nested-clients": "3.787.0", "@aws-sdk/types": "3.775.0", "@smithy/property-provider": "^4.0.2", "@smithy/shared-ini-file-loader": "^4.0.2", "@smithy/types": "^4.2.0", "tslib": "^2.6.2" } }, "sha512-d7/NIqxq308Zg0RPMNrmn0QvzniL4Hx8Qdwzr6YZWLYAbUSvZYS2ppLR3BFWSkV6SsTJUx8BuDaj3P8vttkrog=="],

    "@aws-sdk/types": ["@aws-sdk/types@3.775.0", "", { "dependencies": { "@smithy/types": "^4.2.0", "tslib": "^2.6.2" } }, "sha512-ZoGKwa4C9fC9Av6bdfqcW6Ix5ot05F/S4VxWR2nHuMv7hzfmAjTOcUiWT7UR4hM/U0whf84VhDtXN/DWAk52KA=="],

    "@aws-sdk/util-endpoints": ["@aws-sdk/util-endpoints@3.787.0", "", { "dependencies": { "@aws-sdk/types": "3.775.0", "@smithy/types": "^4.2.0", "@smithy/util-endpoints": "^3.0.2", "tslib": "^2.6.2" } }, "sha512-fd3zkiOkwnbdbN0Xp9TsP5SWrmv0SpT70YEdbb8wAj2DWQwiCmFszaSs+YCvhoCdmlR3Wl9Spu0pGpSAGKeYvQ=="],

    "@aws-sdk/util-format-url": ["@aws-sdk/util-format-url@3.775.0", "", { "dependencies": { "@aws-sdk/types": "3.775.0", "@smithy/querystring-builder": "^4.0.2", "@smithy/types": "^4.2.0", "tslib": "^2.6.2" } }, "sha512-Nw4nBeyCbWixoGh8NcVpa/i8McMA6RXJIjQFyloJLaPr7CPquz7ZbSl0MUWMFVwP/VHaJ7B+lNN3Qz1iFCEP/Q=="],

    "@aws-sdk/util-locate-window": ["@aws-sdk/util-locate-window@3.723.0", "", { "dependencies": { "tslib": "^2.6.2" } }, "sha512-Yf2CS10BqK688DRsrKI/EO6B8ff5J86NXe4C+VCysK7UOgN0l1zOTeTukZ3H8Q9tYYX3oaF1961o8vRkFm7Nmw=="],

    "@aws-sdk/util-user-agent-browser": ["@aws-sdk/util-user-agent-browser@3.775.0", "", { "dependencies": { "@aws-sdk/types": "3.775.0", "@smithy/types": "^4.2.0", "bowser": "^2.11.0", "tslib": "^2.6.2" } }, "sha512-txw2wkiJmZKVdDbscK7VBK+u+TJnRtlUjRTLei+elZg2ADhpQxfVAQl436FUeIv6AhB/oRHW6/K/EAGXUSWi0A=="],

    "@aws-sdk/util-user-agent-node": ["@aws-sdk/util-user-agent-node@3.787.0", "", { "dependencies": { "@aws-sdk/middleware-user-agent": "3.787.0", "@aws-sdk/types": "3.775.0", "@smithy/node-config-provider": "^4.0.2", "@smithy/types": "^4.2.0", "tslib": "^2.6.2" }, "peerDependencies": { "aws-crt": ">=1.0.0" }, "optionalPeers": ["aws-crt"] }, "sha512-mG7Lz8ydfG4SF9e8WSXiPQ/Lsn3n8A5B5jtPROidafi06I3ckV2WxyMLdwG14m919NoS6IOfWHyRGSqWIwbVKA=="],

    "@cspotcode/source-map-support": ["@cspotcode/source-map-support@0.8.1", "", { "dependencies": { "@jridgewell/trace-mapping": "0.3.9" } }, "sha512-IchNf6dN4tHoMFIn/7OE8LWZ19Y6q/67Bmf6vnGREv8RSbBVb9LPJxEcnwrcwX6ixSvaiGoomAUvu4YSxXrVgw=="],

    "@esbuild/aix-ppc64": ["@esbuild/aix-ppc64@0.25.2", "", { "os": "aix", "cpu": "ppc64" }, "sha512-wCIboOL2yXZym2cgm6mlA742s9QeJ8DjGVaL39dLN4rRwrOgOyYSnOaFPhKZGLb2ngj4EyfAFjsNJwPXZvseag=="],

    "@esbuild/android-arm": ["@esbuild/android-arm@0.25.2", "", { "os": "android", "cpu": "arm" }, "sha512-NQhH7jFstVY5x8CKbcfa166GoV0EFkaPkCKBQkdPJFvo5u+nGXLEH/ooniLb3QI8Fk58YAx7nsPLozUWfCBOJA=="],

    "@esbuild/android-arm64": ["@esbuild/android-arm64@0.25.2", "", { "os": "android", "cpu": "arm64" }, "sha512-5ZAX5xOmTligeBaeNEPnPaeEuah53Id2tX4c2CVP3JaROTH+j4fnfHCkr1PjXMd78hMst+TlkfKcW/DlTq0i4w=="],

    "@esbuild/android-x64": ["@esbuild/android-x64@0.25.2", "", { "os": "android", "cpu": "x64" }, "sha512-Ffcx+nnma8Sge4jzddPHCZVRvIfQ0kMsUsCMcJRHkGJ1cDmhe4SsrYIjLUKn1xpHZybmOqCWwB0zQvsjdEHtkg=="],

    "@esbuild/darwin-arm64": ["@esbuild/darwin-arm64@0.25.2", "", { "os": "darwin", "cpu": "arm64" }, "sha512-MpM6LUVTXAzOvN4KbjzU/q5smzryuoNjlriAIx+06RpecwCkL9JpenNzpKd2YMzLJFOdPqBpuub6eVRP5IgiSA=="],

    "@esbuild/darwin-x64": ["@esbuild/darwin-x64@0.25.2", "", { "os": "darwin", "cpu": "x64" }, "sha512-5eRPrTX7wFyuWe8FqEFPG2cU0+butQQVNcT4sVipqjLYQjjh8a8+vUTfgBKM88ObB85ahsnTwF7PSIt6PG+QkA=="],

    "@esbuild/freebsd-arm64": ["@esbuild/freebsd-arm64@0.25.2", "", { "os": "freebsd", "cpu": "arm64" }, "sha512-mLwm4vXKiQ2UTSX4+ImyiPdiHjiZhIaE9QvC7sw0tZ6HoNMjYAqQpGyui5VRIi5sGd+uWq940gdCbY3VLvsO1w=="],

    "@esbuild/freebsd-x64": ["@esbuild/freebsd-x64@0.25.2", "", { "os": "freebsd", "cpu": "x64" }, "sha512-6qyyn6TjayJSwGpm8J9QYYGQcRgc90nmfdUb0O7pp1s4lTY+9D0H9O02v5JqGApUyiHOtkz6+1hZNvNtEhbwRQ=="],

    "@esbuild/linux-arm": ["@esbuild/linux-arm@0.25.2", "", { "os": "linux", "cpu": "arm" }, "sha512-UHBRgJcmjJv5oeQF8EpTRZs/1knq6loLxTsjc3nxO9eXAPDLcWW55flrMVc97qFPbmZP31ta1AZVUKQzKTzb0g=="],

    "@esbuild/linux-arm64": ["@esbuild/linux-arm64@0.25.2", "", { "os": "linux", "cpu": "arm64" }, "sha512-gq/sjLsOyMT19I8obBISvhoYiZIAaGF8JpeXu1u8yPv8BE5HlWYobmlsfijFIZ9hIVGYkbdFhEqC0NvM4kNO0g=="],

    "@esbuild/linux-ia32": ["@esbuild/linux-ia32@0.25.2", "", { "os": "linux", "cpu": "ia32" }, "sha512-bBYCv9obgW2cBP+2ZWfjYTU+f5cxRoGGQ5SeDbYdFCAZpYWrfjjfYwvUpP8MlKbP0nwZ5gyOU/0aUzZ5HWPuvQ=="],

    "@esbuild/linux-loong64": ["@esbuild/linux-loong64@0.25.2", "", { "os": "linux", "cpu": "none" }, "sha512-SHNGiKtvnU2dBlM5D8CXRFdd+6etgZ9dXfaPCeJtz+37PIUlixvlIhI23L5khKXs3DIzAn9V8v+qb1TRKrgT5w=="],

    "@esbuild/linux-mips64el": ["@esbuild/linux-mips64el@0.25.2", "", { "os": "linux", "cpu": "none" }, "sha512-hDDRlzE6rPeoj+5fsADqdUZl1OzqDYow4TB4Y/3PlKBD0ph1e6uPHzIQcv2Z65u2K0kpeByIyAjCmjn1hJgG0Q=="],

    "@esbuild/linux-ppc64": ["@esbuild/linux-ppc64@0.25.2", "", { "os": "linux", "cpu": "ppc64" }, "sha512-tsHu2RRSWzipmUi9UBDEzc0nLc4HtpZEI5Ba+Omms5456x5WaNuiG3u7xh5AO6sipnJ9r4cRWQB2tUjPyIkc6g=="],

    "@esbuild/linux-riscv64": ["@esbuild/linux-riscv64@0.25.2", "", { "os": "linux", "cpu": "none" }, "sha512-k4LtpgV7NJQOml/10uPU0s4SAXGnowi5qBSjaLWMojNCUICNu7TshqHLAEbkBdAszL5TabfvQ48kK84hyFzjnw=="],

    "@esbuild/linux-s390x": ["@esbuild/linux-s390x@0.25.2", "", { "os": "linux", "cpu": "s390x" }, "sha512-GRa4IshOdvKY7M/rDpRR3gkiTNp34M0eLTaC1a08gNrh4u488aPhuZOCpkF6+2wl3zAN7L7XIpOFBhnaE3/Q8Q=="],

    "@esbuild/linux-x64": ["@esbuild/linux-x64@0.25.2", "", { "os": "linux", "cpu": "x64" }, "sha512-QInHERlqpTTZ4FRB0fROQWXcYRD64lAoiegezDunLpalZMjcUcld3YzZmVJ2H/Cp0wJRZ8Xtjtj0cEHhYc/uUg=="],

    "@esbuild/netbsd-arm64": ["@esbuild/netbsd-arm64@0.25.2", "", { "os": "none", "cpu": "arm64" }, "sha512-talAIBoY5M8vHc6EeI2WW9d/CkiO9MQJ0IOWX8hrLhxGbro/vBXJvaQXefW2cP0z0nQVTdQ/eNyGFV1GSKrxfw=="],

    "@esbuild/netbsd-x64": ["@esbuild/netbsd-x64@0.25.2", "", { "os": "none", "cpu": "x64" }, "sha512-voZT9Z+tpOxrvfKFyfDYPc4DO4rk06qamv1a/fkuzHpiVBMOhpjK+vBmWM8J1eiB3OLSMFYNaOaBNLXGChf5tg=="],

    "@esbuild/openbsd-arm64": ["@esbuild/openbsd-arm64@0.25.2", "", { "os": "openbsd", "cpu": "arm64" }, "sha512-dcXYOC6NXOqcykeDlwId9kB6OkPUxOEqU+rkrYVqJbK2hagWOMrsTGsMr8+rW02M+d5Op5NNlgMmjzecaRf7Tg=="],

    "@esbuild/openbsd-x64": ["@esbuild/openbsd-x64@0.25.2", "", { "os": "openbsd", "cpu": "x64" }, "sha512-t/TkWwahkH0Tsgoq1Ju7QfgGhArkGLkF1uYz8nQS/PPFlXbP5YgRpqQR3ARRiC2iXoLTWFxc6DJMSK10dVXluw=="],

    "@esbuild/sunos-x64": ["@esbuild/sunos-x64@0.25.2", "", { "os": "sunos", "cpu": "x64" }, "sha512-cfZH1co2+imVdWCjd+D1gf9NjkchVhhdpgb1q5y6Hcv9TP6Zi9ZG/beI3ig8TvwT9lH9dlxLq5MQBBgwuj4xvA=="],

    "@esbuild/win32-arm64": ["@esbuild/win32-arm64@0.25.2", "", { "os": "win32", "cpu": "arm64" }, "sha512-7Loyjh+D/Nx/sOTzV8vfbB3GJuHdOQyrOryFdZvPHLf42Tk9ivBU5Aedi7iyX+x6rbn2Mh68T4qq1SDqJBQO5Q=="],

    "@esbuild/win32-ia32": ["@esbuild/win32-ia32@0.25.2", "", { "os": "win32", "cpu": "ia32" }, "sha512-WRJgsz9un0nqZJ4MfhabxaD9Ft8KioqU3JMinOTvobbX6MOSUigSBlogP8QB3uxpJDsFS6yN+3FDBdqE5lg9kg=="],

    "@esbuild/win32-x64": ["@esbuild/win32-x64@0.25.2", "", { "os": "win32", "cpu": "x64" }, "sha512-kM3HKb16VIXZyIeVrM1ygYmZBKybX8N4p754bw390wGO3Tf2j4L2/WYL+4suWujpgf6GBYs3jv7TyUivdd05JA=="],

    "@jridgewell/resolve-uri": ["@jridgewell/resolve-uri@3.1.2", "", {}, "sha512-bRISgCIjP20/tbWSPWMEi54QVPRZExkuD9lJL+UIxUKtwVJA8wW1Trb1jMs1RFXo1CBTNZ/5hpC9QvmKWdopKw=="],

    "@jridgewell/sourcemap-codec": ["@jridgewell/sourcemap-codec@1.5.0", "", {}, "sha512-gv3ZRaISU3fjPAgNsriBRqGWQL6quFx04YMPW/zD8XMLsU32mhCCbfbO6KZFLjvYpCZ8zyDEgqsgf+PwPaM7GQ=="],

    "@jridgewell/trace-mapping": ["@jridgewell/trace-mapping@0.3.9", "", { "dependencies": { "@jridgewell/resolve-uri": "^3.0.3", "@jridgewell/sourcemap-codec": "^1.4.10" } }, "sha512-3Belt6tdc8bPgAtbcmdtNJlirVoTmEb5e2gC94PnkwEW9jI6CAHUeoG85tjWP5WquqfavoMtMwiG4P926ZKKuQ=="],

    "@prisma/client": ["@prisma/client@6.6.0", "", { "peerDependencies": { "prisma": "*", "typescript": ">=5.1.0" }, "optionalPeers": ["prisma", "typescript"] }, "sha512-vfp73YT/BHsWWOAuthKQ/1lBgESSqYqAWZEYyTdGXyFAHpmewwWL2Iz6ErIzkj4aHbuc6/cGSsE6ZY+pBO04Cg=="],

    "@prisma/config": ["@prisma/config@6.6.0", "", { "dependencies": { "esbuild": ">=0.12 <1", "esbuild-register": "3.6.0" } }, "sha512-d8FlXRHsx72RbN8nA2QCRORNv5AcUnPXgtPvwhXmYkQSMF/j9cKaJg+9VcUzBRXGy9QBckNzEQDEJZdEOZ+ubA=="],

    "@prisma/debug": ["@prisma/debug@6.6.0", "", {}, "sha512-DL6n4IKlW5k2LEXzpN60SQ1kP/F6fqaCgU/McgaYsxSf43GZ8lwtmXLke9efS+L1uGmrhtBUP4npV/QKF8s2ZQ=="],

    "@prisma/engines": ["@prisma/engines@6.6.0", "", { "dependencies": { "@prisma/debug": "6.6.0", "@prisma/engines-version": "6.6.0-53.f676762280b54cd07c770017ed3711ddde35f37a", "@prisma/fetch-engine": "6.6.0", "@prisma/get-platform": "6.6.0" } }, "sha512-nC0IV4NHh7500cozD1fBoTwTD1ydJERndreIjpZr/S3mno3P6tm8qnXmIND5SwUkibNeSJMpgl4gAnlqJ/gVlg=="],

    "@prisma/engines-version": ["@prisma/engines-version@6.6.0-53.f676762280b54cd07c770017ed3711ddde35f37a", "", {}, "sha512-JzRaQ5Em1fuEcbR3nUsMNYaIYrOT1iMheenjCvzZblJcjv/3JIuxXN7RCNT5i6lRkLodW5ojCGhR7n5yvnNKrw=="],

    "@prisma/fetch-engine": ["@prisma/fetch-engine@6.6.0", "", { "dependencies": { "@prisma/debug": "6.6.0", "@prisma/engines-version": "6.6.0-53.f676762280b54cd07c770017ed3711ddde35f37a", "@prisma/get-platform": "6.6.0" } }, "sha512-Ohfo8gKp05LFLZaBlPUApM0M7k43a0jmo86YY35u1/4t+vuQH9mRGU7jGwVzGFY3v+9edeb/cowb1oG4buM1yw=="],

    "@prisma/get-platform": ["@prisma/get-platform@6.6.0", "", { "dependencies": { "@prisma/debug": "6.6.0" } }, "sha512-3qCwmnT4Jh5WCGUrkWcc6VZaw0JY7eWN175/pcb5Z6FiLZZ3ygY93UX0WuV41bG51a6JN/oBH0uywJ90Y+V5eA=="],

    "@smithy/abort-controller": ["@smithy/abort-controller@4.0.2", "", { "dependencies": { "@smithy/types": "^4.2.0", "tslib": "^2.6.2" } }, "sha512-Sl/78VDtgqKxN2+1qduaVE140XF+Xg+TafkncspwM4jFP/LHr76ZHmIY/y3V1M0mMLNk+Je6IGbzxy23RSToMw=="],

    "@smithy/config-resolver": ["@smithy/config-resolver@4.1.0", "", { "dependencies": { "@smithy/node-config-provider": "^4.0.2", "@smithy/types": "^4.2.0", "@smithy/util-config-provider": "^4.0.0", "@smithy/util-middleware": "^4.0.2", "tslib": "^2.6.2" } }, "sha512-8smPlwhga22pwl23fM5ew4T9vfLUCeFXlcqNOCD5M5h8VmNPNUE9j6bQSuRXpDSV11L/E/SwEBQuW8hr6+nS1A=="],

    "@smithy/core": ["@smithy/core@3.2.0", "", { "dependencies": { "@smithy/middleware-serde": "^4.0.3", "@smithy/protocol-http": "^5.1.0", "@smithy/types": "^4.2.0", "@smithy/util-body-length-browser": "^4.0.0", "@smithy/util-middleware": "^4.0.2", "@smithy/util-stream": "^4.2.0", "@smithy/util-utf8": "^4.0.0", "tslib": "^2.6.2" } }, "sha512-k17bgQhVZ7YmUvA8at4af1TDpl0NDMBuBKJl8Yg0nrefwmValU+CnA5l/AriVdQNthU/33H3nK71HrLgqOPr1Q=="],

    "@smithy/credential-provider-imds": ["@smithy/credential-provider-imds@4.0.2", "", { "dependencies": { "@smithy/node-config-provider": "^4.0.2", "@smithy/property-provider": "^4.0.2", "@smithy/types": "^4.2.0", "@smithy/url-parser": "^4.0.2", "tslib": "^2.6.2" } }, "sha512-32lVig6jCaWBHnY+OEQ6e6Vnt5vDHaLiydGrwYMW9tPqO688hPGTYRamYJ1EptxEC2rAwJrHWmPoKRBl4iTa8w=="],

    "@smithy/fetch-http-handler": ["@smithy/fetch-http-handler@5.0.2", "", { "dependencies": { "@smithy/protocol-http": "^5.1.0", "@smithy/querystring-builder": "^4.0.2", "@smithy/types": "^4.2.0", "@smithy/util-base64": "^4.0.0", "tslib": "^2.6.2" } }, "sha512-+9Dz8sakS9pe7f2cBocpJXdeVjMopUDLgZs1yWeu7h++WqSbjUYv/JAJwKwXw1HV6gq1jyWjxuyn24E2GhoEcQ=="],

    "@smithy/hash-node": ["@smithy/hash-node@4.0.2", "", { "dependencies": { "@smithy/types": "^4.2.0", "@smithy/util-buffer-from": "^4.0.0", "@smithy/util-utf8": "^4.0.0", "tslib": "^2.6.2" } }, "sha512-VnTpYPnRUE7yVhWozFdlxcYknv9UN7CeOqSrMH+V877v4oqtVYuoqhIhtSjmGPvYrYnAkaM61sLMKHvxL138yg=="],

    "@smithy/invalid-dependency": ["@smithy/invalid-dependency@4.0.2", "", { "dependencies": { "@smithy/types": "^4.2.0", "tslib": "^2.6.2" } }, "sha512-GatB4+2DTpgWPday+mnUkoumP54u/MDM/5u44KF9hIu8jF0uafZtQLcdfIKkIcUNuF/fBojpLEHZS/56JqPeXQ=="],

    "@smithy/is-array-buffer": ["@smithy/is-array-buffer@4.0.0", "", { "dependencies": { "tslib": "^2.6.2" } }, "sha512-saYhF8ZZNoJDTvJBEWgeBccCg+yvp1CX+ed12yORU3NilJScfc6gfch2oVb4QgxZrGUx3/ZJlb+c/dJbyupxlw=="],

    "@smithy/middleware-content-length": ["@smithy/middleware-content-length@4.0.2", "", { "dependencies": { "@smithy/protocol-http": "^5.1.0", "@smithy/types": "^4.2.0", "tslib": "^2.6.2" } }, "sha512-hAfEXm1zU+ELvucxqQ7I8SszwQ4znWMbNv6PLMndN83JJN41EPuS93AIyh2N+gJ6x8QFhzSO6b7q2e6oClDI8A=="],

    "@smithy/middleware-endpoint": ["@smithy/middleware-endpoint@4.1.0", "", { "dependencies": { "@smithy/core": "^3.2.0", "@smithy/middleware-serde": "^4.0.3", "@smithy/node-config-provider": "^4.0.2", "@smithy/shared-ini-file-loader": "^4.0.2", "@smithy/types": "^4.2.0", "@smithy/url-parser": "^4.0.2", "@smithy/util-middleware": "^4.0.2", "tslib": "^2.6.2" } }, "sha512-xhLimgNCbCzsUppRTGXWkZywksuTThxaIB0HwbpsVLY5sceac4e1TZ/WKYqufQLaUy+gUSJGNdwD2jo3cXL0iA=="],

    "@smithy/middleware-retry": ["@smithy/middleware-retry@4.1.0", "", { "dependencies": { "@smithy/node-config-provider": "^4.0.2", "@smithy/protocol-http": "^5.1.0", "@smithy/service-error-classification": "^4.0.2", "@smithy/smithy-client": "^4.2.0", "@smithy/types": "^4.2.0", "@smithy/util-middleware": "^4.0.2", "@smithy/util-retry": "^4.0.2", "tslib": "^2.6.2", "uuid": "^9.0.1" } }, "sha512-2zAagd1s6hAaI/ap6SXi5T3dDwBOczOMCSkkYzktqN1+tzbk1GAsHNAdo/1uzxz3Ky02jvZQwbi/vmDA6z4Oyg=="],

    "@smithy/middleware-serde": ["@smithy/middleware-serde@4.0.3", "", { "dependencies": { "@smithy/types": "^4.2.0", "tslib": "^2.6.2" } }, "sha512-rfgDVrgLEVMmMn0BI8O+8OVr6vXzjV7HZj57l0QxslhzbvVfikZbVfBVthjLHqib4BW44QhcIgJpvebHlRaC9A=="],

    "@smithy/middleware-stack": ["@smithy/middleware-stack@4.0.2", "", { "dependencies": { "@smithy/types": "^4.2.0", "tslib": "^2.6.2" } }, "sha512-eSPVcuJJGVYrFYu2hEq8g8WWdJav3sdrI4o2c6z/rjnYDd3xH9j9E7deZQCzFn4QvGPouLngH3dQ+QVTxv5bOQ=="],

    "@smithy/node-config-provider": ["@smithy/node-config-provider@4.0.2", "", { "dependencies": { "@smithy/property-provider": "^4.0.2", "@smithy/shared-ini-file-loader": "^4.0.2", "@smithy/types": "^4.2.0", "tslib": "^2.6.2" } }, "sha512-WgCkILRZfJwJ4Da92a6t3ozN/zcvYyJGUTmfGbgS/FkCcoCjl7G4FJaCDN1ySdvLvemnQeo25FdkyMSTSwulsw=="],

    "@smithy/node-http-handler": ["@smithy/node-http-handler@4.0.4", "", { "dependencies": { "@smithy/abort-controller": "^4.0.2", "@smithy/protocol-http": "^5.1.0", "@smithy/querystring-builder": "^4.0.2", "@smithy/types": "^4.2.0", "tslib": "^2.6.2" } }, "sha512-/mdqabuAT3o/ihBGjL94PUbTSPSRJ0eeVTdgADzow0wRJ0rN4A27EOrtlK56MYiO1fDvlO3jVTCxQtQmK9dZ1g=="],

    "@smithy/property-provider": ["@smithy/property-provider@4.0.2", "", { "dependencies": { "@smithy/types": "^4.2.0", "tslib": "^2.6.2" } }, "sha512-wNRoQC1uISOuNc2s4hkOYwYllmiyrvVXWMtq+TysNRVQaHm4yoafYQyjN/goYZS+QbYlPIbb/QRjaUZMuzwQ7A=="],

    "@smithy/protocol-http": ["@smithy/protocol-http@5.1.0", "", { "dependencies": { "@smithy/types": "^4.2.0", "tslib": "^2.6.2" } }, "sha512-KxAOL1nUNw2JTYrtviRRjEnykIDhxc84qMBzxvu1MUfQfHTuBlCG7PA6EdVwqpJjH7glw7FqQoFxUJSyBQgu7g=="],

    "@smithy/querystring-builder": ["@smithy/querystring-builder@4.0.2", "", { "dependencies": { "@smithy/types": "^4.2.0", "@smithy/util-uri-escape": "^4.0.0", "tslib": "^2.6.2" } }, "sha512-NTOs0FwHw1vimmQM4ebh+wFQvOwkEf/kQL6bSM1Lock+Bv4I89B3hGYoUEPkmvYPkDKyp5UdXJYu+PoTQ3T31Q=="],

    "@smithy/querystring-parser": ["@smithy/querystring-parser@4.0.2", "", { "dependencies": { "@smithy/types": "^4.2.0", "tslib": "^2.6.2" } }, "sha512-v6w8wnmZcVXjfVLjxw8qF7OwESD9wnpjp0Dqry/Pod0/5vcEA3qxCr+BhbOHlxS8O+29eLpT3aagxXGwIoEk7Q=="],

    "@smithy/service-error-classification": ["@smithy/service-error-classification@4.0.2", "", { "dependencies": { "@smithy/types": "^4.2.0" } }, "sha512-LA86xeFpTKn270Hbkixqs5n73S+LVM0/VZco8dqd+JT75Dyx3Lcw/MraL7ybjmz786+160K8rPOmhsq0SocoJQ=="],

    "@smithy/shared-ini-file-loader": ["@smithy/shared-ini-file-loader@4.0.2", "", { "dependencies": { "@smithy/types": "^4.2.0", "tslib": "^2.6.2" } }, "sha512-J9/gTWBGVuFZ01oVA6vdb4DAjf1XbDhK6sLsu3OS9qmLrS6KB5ygpeHiM3miIbj1qgSJ96GYszXFWv6ErJ8QEw=="],

    "@smithy/signature-v4": ["@smithy/signature-v4@5.0.2", "", { "dependencies": { "@smithy/is-array-buffer": "^4.0.0", "@smithy/protocol-http": "^5.1.0", "@smithy/types": "^4.2.0", "@smithy/util-hex-encoding": "^4.0.0", "@smithy/util-middleware": "^4.0.2", "@smithy/util-uri-escape": "^4.0.0", "@smithy/util-utf8": "^4.0.0", "tslib": "^2.6.2" } }, "sha512-Mz+mc7okA73Lyz8zQKJNyr7lIcHLiPYp0+oiqiMNc/t7/Kf2BENs5d63pEj7oPqdjaum6g0Fc8wC78dY1TgtXw=="],

    "@smithy/smithy-client": ["@smithy/smithy-client@4.2.0", "", { "dependencies": { "@smithy/core": "^3.2.0", "@smithy/middleware-endpoint": "^4.1.0", "@smithy/middleware-stack": "^4.0.2", "@smithy/protocol-http": "^5.1.0", "@smithy/types": "^4.2.0", "@smithy/util-stream": "^4.2.0", "tslib": "^2.6.2" } }, "sha512-Qs65/w30pWV7LSFAez9DKy0Koaoh3iHhpcpCCJ4waj/iqwsuSzJna2+vYwq46yBaqO5ZbP9TjUsATUNxrKeBdw=="],

    "@smithy/types": ["@smithy/types@4.2.0", "", { "dependencies": { "tslib": "^2.6.2" } }, "sha512-7eMk09zQKCO+E/ivsjQv+fDlOupcFUCSC/L2YUPgwhvowVGWbPQHjEFcmjt7QQ4ra5lyowS92SV53Zc6XD4+fg=="],

    "@smithy/url-parser": ["@smithy/url-parser@4.0.2", "", { "dependencies": { "@smithy/querystring-parser": "^4.0.2", "@smithy/types": "^4.2.0", "tslib": "^2.6.2" } }, "sha512-Bm8n3j2ScqnT+kJaClSVCMeiSenK6jVAzZCNewsYWuZtnBehEz4r2qP0riZySZVfzB+03XZHJeqfmJDkeeSLiQ=="],

    "@smithy/util-base64": ["@smithy/util-base64@4.0.0", "", { "dependencies": { "@smithy/util-buffer-from": "^4.0.0", "@smithy/util-utf8": "^4.0.0", "tslib": "^2.6.2" } }, "sha512-CvHfCmO2mchox9kjrtzoHkWHxjHZzaFojLc8quxXY7WAAMAg43nuxwv95tATVgQFNDwd4M9S1qFzj40Ul41Kmg=="],

    "@smithy/util-body-length-browser": ["@smithy/util-body-length-browser@4.0.0", "", { "dependencies": { "tslib": "^2.6.2" } }, "sha512-sNi3DL0/k64/LO3A256M+m3CDdG6V7WKWHdAiBBMUN8S3hK3aMPhwnPik2A/a2ONN+9doY9UxaLfgqsIRg69QA=="],

    "@smithy/util-body-length-node": ["@smithy/util-body-length-node@4.0.0", "", { "dependencies": { "tslib": "^2.6.2" } }, "sha512-q0iDP3VsZzqJyje8xJWEJCNIu3lktUGVoSy1KB0UWym2CL1siV3artm+u1DFYTLejpsrdGyCSWBdGNjJzfDPjg=="],

    "@smithy/util-buffer-from": ["@smithy/util-buffer-from@4.0.0", "", { "dependencies": { "@smithy/is-array-buffer": "^4.0.0", "tslib": "^2.6.2" } }, "sha512-9TOQ7781sZvddgO8nxueKi3+yGvkY35kotA0Y6BWRajAv8jjmigQ1sBwz0UX47pQMYXJPahSKEKYFgt+rXdcug=="],

    "@smithy/util-config-provider": ["@smithy/util-config-provider@4.0.0", "", { "dependencies": { "tslib": "^2.6.2" } }, "sha512-L1RBVzLyfE8OXH+1hsJ8p+acNUSirQnWQ6/EgpchV88G6zGBTDPdXiiExei6Z1wR2RxYvxY/XLw6AMNCCt8H3w=="],

    "@smithy/util-defaults-mode-browser": ["@smithy/util-defaults-mode-browser@4.0.8", "", { "dependencies": { "@smithy/property-provider": "^4.0.2", "@smithy/smithy-client": "^4.2.0", "@smithy/types": "^4.2.0", "bowser": "^2.11.0", "tslib": "^2.6.2" } }, "sha512-ZTypzBra+lI/LfTYZeop9UjoJhhGRTg3pxrNpfSTQLd3AJ37r2z4AXTKpq1rFXiiUIJsYyFgNJdjWRGP/cbBaQ=="],

    "@smithy/util-defaults-mode-node": ["@smithy/util-defaults-mode-node@4.0.8", "", { "dependencies": { "@smithy/config-resolver": "^4.1.0", "@smithy/credential-provider-imds": "^4.0.2", "@smithy/node-config-provider": "^4.0.2", "@smithy/property-provider": "^4.0.2", "@smithy/smithy-client": "^4.2.0", "@smithy/types": "^4.2.0", "tslib": "^2.6.2" } }, "sha512-Rgk0Jc/UDfRTzVthye/k2dDsz5Xxs9LZaKCNPgJTRyoyBoeiNCnHsYGOyu1PKN+sDyPnJzMOz22JbwxzBp9NNA=="],

    "@smithy/util-endpoints": ["@smithy/util-endpoints@3.0.2", "", { "dependencies": { "@smithy/node-config-provider": "^4.0.2", "@smithy/types": "^4.2.0", "tslib": "^2.6.2" } }, "sha512-6QSutU5ZyrpNbnd51zRTL7goojlcnuOB55+F9VBD+j8JpRY50IGamsjlycrmpn8PQkmJucFW8A0LSfXj7jjtLQ=="],

    "@smithy/util-hex-encoding": ["@smithy/util-hex-encoding@4.0.0", "", { "dependencies": { "tslib": "^2.6.2" } }, "sha512-Yk5mLhHtfIgW2W2WQZWSg5kuMZCVbvhFmC7rV4IO2QqnZdbEFPmQnCcGMAX2z/8Qj3B9hYYNjZOhWym+RwhePw=="],

    "@smithy/util-middleware": ["@smithy/util-middleware@4.0.2", "", { "dependencies": { "@smithy/types": "^4.2.0", "tslib": "^2.6.2" } }, "sha512-6GDamTGLuBQVAEuQ4yDQ+ti/YINf/MEmIegrEeg7DdB/sld8BX1lqt9RRuIcABOhAGTA50bRbPzErez7SlDtDQ=="],

    "@smithy/util-retry": ["@smithy/util-retry@4.0.2", "", { "dependencies": { "@smithy/service-error-classification": "^4.0.2", "@smithy/types": "^4.2.0", "tslib": "^2.6.2" } }, "sha512-Qryc+QG+7BCpvjloFLQrmlSd0RsVRHejRXd78jNO3+oREueCjwG1CCEH1vduw/ZkM1U9TztwIKVIi3+8MJScGg=="],

    "@smithy/util-stream": ["@smithy/util-stream@4.2.0", "", { "dependencies": { "@smithy/fetch-http-handler": "^5.0.2", "@smithy/node-http-handler": "^4.0.4", "@smithy/types": "^4.2.0", "@smithy/util-base64": "^4.0.0", "@smithy/util-buffer-from": "^4.0.0", "@smithy/util-hex-encoding": "^4.0.0", "@smithy/util-utf8": "^4.0.0", "tslib": "^2.6.2" } }, "sha512-Vj1TtwWnuWqdgQI6YTUF5hQ/0jmFiOYsc51CSMgj7QfyO+RF4EnT2HNjoviNlOOmgzgvf3f5yno+EiC4vrnaWQ=="],

    "@smithy/util-uri-escape": ["@smithy/util-uri-escape@4.0.0", "", { "dependencies": { "tslib": "^2.6.2" } }, "sha512-77yfbCbQMtgtTylO9itEAdpPXSog3ZxMe09AEhm0dU0NLTalV70ghDZFR+Nfi1C60jnJoh/Re4090/DuZh2Omg=="],

    "@smithy/util-utf8": ["@smithy/util-utf8@2.3.0", "", { "dependencies": { "@smithy/util-buffer-from": "^2.2.0", "tslib": "^2.6.2" } }, "sha512-R8Rdn8Hy72KKcebgLiv8jQcQkXoLMOGGv5uI1/k0l+snqkOzQ1R0ChUBCxWMlBsFMekWjq0wRudIweFs7sKT5A=="],

    "@tsconfig/node10": ["@tsconfig/node10@1.0.11", "", {}, "sha512-DcRjDCujK/kCk/cUe8Xz8ZSpm8mS3mNNpta+jGCA6USEDfktlNvm1+IuZ9eTcDbNk41BHwpHHeW+N1lKCz4zOw=="],

    "@tsconfig/node12": ["@tsconfig/node12@1.0.11", "", {}, "sha512-cqefuRsh12pWyGsIoBKJA9luFu3mRxCA+ORZvA4ktLSzIuCUtWVxGIuXigEwO5/ywWFMZ2QEGKWvkZG1zDMTag=="],

    "@tsconfig/node14": ["@tsconfig/node14@1.0.3", "", {}, "sha512-ysT8mhdixWK6Hw3i1V2AeRqZ5WfXg1G43mqoYlM2nc6388Fq5jcXyr5mRsqViLx/GJYdoL0bfXD8nmF+Zn/Iow=="],

    "@tsconfig/node16": ["@tsconfig/node16@1.0.4", "", {}, "sha512-vxhUy4J8lyeyinH7Azl1pdd43GJhZH/tP2weN8TntQblOY+A0XbT8DJk1/oCPuOOyg/Ja757rG0CgHcWC8OfMA=="],

    "@types/aws-lambda": ["@types/aws-lambda@8.10.149", "", {}, "sha512-NXSZIhfJjnXqJgtS7IwutqIF/SOy1Wz5Px4gUY1RWITp3AYTyuJS4xaXr/bIJY1v15XMzrJ5soGnPM+7uigZjA=="],

    "@types/node": ["@types/node@22.14.1", "", { "dependencies": { "undici-types": "~6.21.0" } }, "sha512-u0HuPQwe/dHrItgHHpmw3N2fYCR6x4ivMNbPHRkBVP4CvN+kiRrKHWk3i8tXiO/joPwXLMYvF9TTF0eqgHIuOw=="],

    "acorn": ["acorn@8.14.1", "", { "bin": { "acorn": "bin/acorn" } }, "sha512-OvQ/2pUDKmgfCg++xsTX1wGxfTaszcHVcTctW4UJB4hibJx2HXxxO5UmVgyjMa+ZDsiaf5wWLXYpRWMmBI0QHg=="],

    "acorn-walk": ["acorn-walk@8.3.4", "", { "dependencies": { "acorn": "^8.11.0" } }, "sha512-ueEepnujpqee2o5aIYnvHU6C0A42MNdsIDeqy5BydrkuC5R1ZuUFnm27EeFJGoEHJQgn3uleRvmTXaJgfXbt4g=="],

    "arg": ["arg@4.1.3", "", {}, "sha512-58S9QDqG0Xx27YwPSt9fJxivjYl432YCwfDMfZ+71RAqUrZef7LrKQZ3LHLOwCS4FLNBplP533Zx895SeOCHvA=="],

    "aws-ssl-profiles": ["aws-ssl-profiles@1.1.2", "", {}, "sha512-NZKeq9AfyQvEeNlN0zSYAaWrmBffJh3IELMZfRpJVWgrpEbtEpnjvzqBPf+mxoI287JohRDoa+/nsfqqiZmF6g=="],

    "bowser": ["bowser@2.11.0", "", {}, "sha512-AlcaJBi/pqqJBIQ8U9Mcpc9i8Aqxn88Skv5d+xBX006BY5u8N3mGLHa5Lgppa7L/HfwgwLgZ6NYs+Ag6uUmJRA=="],

    "create-require": ["create-require@1.1.1", "", {}, "sha512-dcKFX3jn0MpIaXjisoRvexIJVEKzaq7z2rZKxf+MSr9TkdmHmsU4m2lcLojrj/FHl8mk5VxMmYA+ftRkP/3oKQ=="],

    "debug": ["debug@4.4.0", "", { "dependencies": { "ms": "^2.1.3" } }, "sha512-6WTZ/IxCY/T6BALoZHaE4ctp9xm+Z5kY/pzYaCHRFeyVhojxlrm+46y68HA6hr0TcwEssoxNiDEUJQjfPZ/RYA=="],

    "denque": ["denque@2.1.0", "", {}, "sha512-HVQE3AAb/pxF8fQAoiqpvg9i3evqug3hoiwakOyZAwJm+6vZehbkYXZ0l4JxS+I3QxM97v5aaRNhj8v5oBhekw=="],

    "diff": ["diff@4.0.2", "", {}, "sha512-58lmxKSA4BNyLz+HHMUzlOEpg09FV+ev6ZMe3vJihgdxzgcwZ8VoEEPmALCZG9LmqfVoNMMKpttIYTVG6uDY7A=="],

    "esbuild": ["esbuild@0.25.2", "", { "optionalDependencies": { "@esbuild/aix-ppc64": "0.25.2", "@esbuild/android-arm": "0.25.2", "@esbuild/android-arm64": "0.25.2", "@esbuild/android-x64": "0.25.2", "@esbuild/darwin-arm64": "0.25.2", "@esbuild/darwin-x64": "0.25.2", "@esbuild/freebsd-arm64": "0.25.2", "@esbuild/freebsd-x64": "0.25.2", "@esbuild/linux-arm": "0.25.2", "@esbuild/linux-arm64": "0.25.2", "@esbuild/linux-ia32": "0.25.2", "@esbuild/linux-loong64": "0.25.2", "@esbuild/linux-mips64el": "0.25.2", "@esbuild/linux-ppc64": "0.25.2", "@esbuild/linux-riscv64": "0.25.2", "@esbuild/linux-s390x": "0.25.2", "@esbuild/linux-x64": "0.25.2", "@esbuild/netbsd-arm64": "0.25.2", "@esbuild/netbsd-x64": "0.25.2", "@esbuild/openbsd-arm64": "0.25.2", "@esbuild/openbsd-x64": "0.25.2", "@esbuild/sunos-x64": "0.25.2", "@esbuild/win32-arm64": "0.25.2", "@esbuild/win32-ia32": "0.25.2", "@esbuild/win32-x64": "0.25.2" }, "bin": { "esbuild": "bin/esbuild" } }, "sha512-16854zccKPnC+toMywC+uKNeYSv+/eXkevRAfwRD/G9Cleq66m8XFIrigkbvauLLlCfDL45Q2cWegSg53gGBnQ=="],

    "esbuild-register": ["esbuild-register@3.6.0", "", { "dependencies": { "debug": "^4.3.4" }, "peerDependencies": { "esbuild": ">=0.12 <1" } }, "sha512-H2/S7Pm8a9CL1uhp9OvjwrBh5Pvx0H8qVOxNu8Wed9Y7qv56MPtq+GGM8RJpq6glYJn9Wspr8uw7l55uyinNeg=="],

    "fast-xml-parser": ["fast-xml-parser@4.4.1", "", { "dependencies": { "strnum": "^1.0.5" }, "bin": { "fxparser": "src/cli/cli.js" } }, "sha512-xkjOecfnKGkSsOwtZ5Pz7Us/T6mrbPQrq0nh+aCO5V9nk5NLWmasAHumTKjiPJPWANe+kAZ84Jc8ooJkzZ88Sw=="],

    "fsevents": ["fsevents@2.3.3", "", { "os": "darwin" }, "sha512-5xoDfX+fL7faATnagmWPpbFtwh/R77WmMMqqHGS65C3vvB0YHrgF+B1YmZ3441tMj5n63k0212XNoJwzlhffQw=="],

    "generate-function": ["generate-function@2.3.1", "", { "dependencies": { "is-property": "^1.0.2" } }, "sha512-eeB5GfMNeevm/GRYq20ShmsaGcmI81kIX2K9XQx5miC8KdHaC6Jm0qQ8ZNeGOi7wYB8OsdxKs+Y2oVuTFuVwKQ=="],

    "iconv-lite": ["iconv-lite@0.6.3", "", { "dependencies": { "safer-buffer": ">= 2.1.2 < 3.0.0" } }, "sha512-4fCk79wshMdzMp2rH06qWrJE4iolqLhCUH+OiuIgU++RB0+94NlDL81atO7GX55uUKueo0txHNtvEyI6D7WdMw=="],

    "is-property": ["is-property@1.0.2", "", {}, "sha512-Ks/IoX00TtClbGQr4TWXemAnktAQvYB7HzcCxDGqEZU6oCmb2INHuOoKxbtR+HFkmYWBKv/dOZtGRiAjDhj92g=="],

    "long": ["long@5.3.1", "", {}, "sha512-ka87Jz3gcx/I7Hal94xaN2tZEOPoUOEVftkQqZx2EeQRN7LGdfLlI3FvZ+7WDplm+vK2Urx9ULrvSowtdCieng=="],

    "lru-cache": ["lru-cache@7.18.3", "", {}, "sha512-jumlc0BIUrS3qJGgIkWZsyfAM7NCWiBcCDhnd+3NNM5KbBmLTgHVfWBcg6W+rLUsIpzpERPsvwUP7CckAQSOoA=="],

    "lru.min": ["lru.min@1.1.2", "", {}, "sha512-Nv9KddBcQSlQopmBHXSsZVY5xsdlZkdH/Iey0BlcBYggMd4two7cZnKOK9vmy3nY0O5RGH99z1PCeTpPqszUYg=="],

    "make-error": ["make-error@1.3.6", "", {}, "sha512-s8UhlNe7vPKomQhC1qFelMokr/Sc3AgNbso3n74mVPA5LTZwkB9NlXf4XPamLxJE8h0gh73rM94xvwRT2CVInw=="],

    "ms": ["ms@2.1.3", "", {}, "sha512-6FlzubTLZG3J2a/NVCAleEhjzq5oxgHyaCU9yYXvcLsvoVaHJq/s5xXI6/XXP6tz7R9xAOtHnSO/tXtF3WRTlA=="],

    "mysql2": ["mysql2@3.14.0", "", { "dependencies": { "aws-ssl-profiles": "^1.1.1", "denque": "^2.1.0", "generate-function": "^2.3.1", "iconv-lite": "^0.6.3", "long": "^5.2.1", "lru.min": "^1.0.0", "named-placeholders": "^1.1.3", "seq-queue": "^0.0.5", "sqlstring": "^2.3.2" } }, "sha512-8eMhmG6gt/hRkU1G+8KlGOdQi2w+CgtNoD1ksXZq9gQfkfDsX4LHaBwTe1SY0Imx//t2iZA03DFnyYKPinxSRw=="],

    "named-placeholders": ["named-placeholders@1.1.3", "", { "dependencies": { "lru-cache": "^7.14.1" } }, "sha512-eLoBxg6wE/rZkJPhU/xRX1WTpkFEwDJEN96oxFrTsqBdbT5ec295Q+CoHrL9IT0DipqKhmGcaZmwOt8OON5x1w=="],

    "prisma": ["prisma@6.6.0", "", { "dependencies": { "@prisma/config": "6.6.0", "@prisma/engines": "6.6.0" }, "optionalDependencies": { "fsevents": "2.3.3" }, "peerDependencies": { "typescript": ">=5.1.0" }, "optionalPeers": ["typescript"], "bin": { "prisma": "build/index.js" } }, "sha512-SYCUykz+1cnl6Ugd8VUvtTQq5+j1Q7C0CtzKPjQ8JyA2ALh0EEJkMCS+KgdnvKW1lrxjtjCyJSHOOT236mENYg=="],

    "safer-buffer": ["safer-buffer@2.1.2", "", {}, "sha512-YZo3K82SD7Riyi0E1EQPojLz7kpepnSQI9IyPbHHg1XXXevb5dJI7tpyN2ADxGcQbHG7vcyRHk0cbwqcQriUtg=="],

    "seq-queue": ["seq-queue@0.0.5", "", {}, "sha512-hr3Wtp/GZIc/6DAGPDcV4/9WoZhjrkXsi5B/07QgX8tsdc6ilr7BFM6PM6rbdAX1kFSDYeZGLipIZZKyQP0O5Q=="],

    "sqlstring": ["sqlstring@2.3.3", "", {}, "sha512-qC9iz2FlN7DQl3+wjwn3802RTyjCx7sDvfQEXchwa6CWOx07/WVfh91gBmQ9fahw8snwGEWU3xGzOt4tFyHLxg=="],

    "strnum": ["strnum@1.1.2", "", {}, "sha512-vrN+B7DBIoTTZjnPNewwhx6cBA/H+IS7rfW68n7XxC1y7uoiGQBxaKzqucGUgavX15dJgiGztLJ8vxuEzwqBdA=="],

    "ts-node": ["ts-node@10.9.2", "", { "dependencies": { "@cspotcode/source-map-support": "^0.8.0", "@tsconfig/node10": "^1.0.7", "@tsconfig/node12": "^1.0.7", "@tsconfig/node14": "^1.0.0", "@tsconfig/node16": "^1.0.2", "acorn": "^8.4.1", "acorn-walk": "^8.1.1", "arg": "^4.1.0", "create-require": "^1.1.0", "diff": "^4.0.1", "make-error": "^1.1.1", "v8-compile-cache-lib": "^3.0.1", "yn": "3.1.1" }, "peerDependencies": { "@swc/core": ">=1.2.50", "@swc/wasm": ">=1.2.50", "@types/node": "*", "typescript": ">=2.7" }, "optionalPeers": ["@swc/core", "@swc/wasm"], "bin": { "ts-node": "dist/bin.js", "ts-script": "dist/bin-script-deprecated.js", "ts-node-cwd": "dist/bin-cwd.js", "ts-node-esm": "dist/bin-esm.js", "ts-node-script": "dist/bin-script.js", "ts-node-transpile-only": "dist/bin-transpile.js" } }, "sha512-f0FFpIdcHgn8zcPSbf1dRevwt047YMnaiJM3u2w2RewrB+fob/zePZcrOyQoLMMO7aBIddLcQIEK5dYjkLnGrQ=="],

    "tslib": ["tslib@2.8.1", "", {}, "sha512-oJFu94HQb+KVduSUQL7wnpmqnfmLsOA/nAh6b6EH0wCEoK0/mPeXU6c3wKDV83MkOuHPRHtSXKKU99IBazS/2w=="],

    "typescript": ["typescript@5.8.3", "", { "bin": { "tsc": "bin/tsc", "tsserver": "bin/tsserver" } }, "sha512-p1diW6TqL9L07nNxvRMM7hMMw4c5XOo/1ibL4aAIGmSAt9slTE1Xgw5KWuof2uTOvCg9BY7ZRi+GaF+7sfgPeQ=="],

    "undici-types": ["undici-types@6.21.0", "", {}, "sha512-iwDZqg0QAGrg9Rav5H4n0M64c3mkR59cJ6wQp+7C4nI0gsmExaedaYLNO44eT4AtBBwjbTiGPMlt2Md0T9H9JQ=="],

    "uuid": ["uuid@9.0.1", "", { "bin": { "uuid": "dist/bin/uuid" } }, "sha512-b+1eJOlsR9K8HJpow9Ok3fiWOWSIcIzXodvv0rQjVoOVNpWMpxf1wZNpt4y9h10odCNrqnYp1OBzRktckBe3sA=="],

    "v8-compile-cache-lib": ["v8-compile-cache-lib@3.0.1", "", {}, "sha512-wa7YjyUGfNZngI/vtK0UHAN+lgDCxBPCylVXGp0zu59Fz5aiGtNXaq3DhIov063MorB+VfufLh3JlF2KdTK3xg=="],

    "yn": ["yn@3.1.1", "", {}, "sha512-Ux4ygGWsu2c7isFWe8Yu1YluJmqVhxqK2cLXNQA5AcC3QfbGNpM7fu0Y8b/z16pXLnFxZYvWhd3fhBY9DLmC6Q=="],

    "@aws-sdk/client-cognito-identity/@smithy/util-utf8": ["@smithy/util-utf8@4.0.0", "", { "dependencies": { "@smithy/util-buffer-from": "^4.0.0", "tslib": "^2.6.2" } }, "sha512-b+zebfKCfRdgNJDknHCob3O7FpeYQN6ZG6YLExMcasDHsCXlsXCEuiPZeLnJLpwa5dvPetGlnGCiMHuLwGvFow=="],

    "@aws-sdk/client-sso/@smithy/util-utf8": ["@smithy/util-utf8@4.0.0", "", { "dependencies": { "@smithy/util-buffer-from": "^4.0.0", "tslib": "^2.6.2" } }, "sha512-b+zebfKCfRdgNJDknHCob3O7FpeYQN6ZG6YLExMcasDHsCXlsXCEuiPZeLnJLpwa5dvPetGlnGCiMHuLwGvFow=="],

    "@aws-sdk/nested-clients/@smithy/util-utf8": ["@smithy/util-utf8@4.0.0", "", { "dependencies": { "@smithy/util-buffer-from": "^4.0.0", "tslib": "^2.6.2" } }, "sha512-b+zebfKCfRdgNJDknHCob3O7FpeYQN6ZG6YLExMcasDHsCXlsXCEuiPZeLnJLpwa5dvPetGlnGCiMHuLwGvFow=="],

    "@smithy/core/@smithy/util-utf8": ["@smithy/util-utf8@4.0.0", "", { "dependencies": { "@smithy/util-buffer-from": "^4.0.0", "tslib": "^2.6.2" } }, "sha512-b+zebfKCfRdgNJDknHCob3O7FpeYQN6ZG6YLExMcasDHsCXlsXCEuiPZeLnJLpwa5dvPetGlnGCiMHuLwGvFow=="],

    "@smithy/hash-node/@smithy/util-utf8": ["@smithy/util-utf8@4.0.0", "", { "dependencies": { "@smithy/util-buffer-from": "^4.0.0", "tslib": "^2.6.2" } }, "sha512-b+zebfKCfRdgNJDknHCob3O7FpeYQN6ZG6YLExMcasDHsCXlsXCEuiPZeLnJLpwa5dvPetGlnGCiMHuLwGvFow=="],

    "@smithy/signature-v4/@smithy/util-utf8": ["@smithy/util-utf8@4.0.0", "", { "dependencies": { "@smithy/util-buffer-from": "^4.0.0", "tslib": "^2.6.2" } }, "sha512-b+zebfKCfRdgNJDknHCob3O7FpeYQN6ZG6YLExMcasDHsCXlsXCEuiPZeLnJLpwa5dvPetGlnGCiMHuLwGvFow=="],

    "@smithy/util-base64/@smithy/util-utf8": ["@smithy/util-utf8@4.0.0", "", { "dependencies": { "@smithy/util-buffer-from": "^4.0.0", "tslib": "^2.6.2" } }, "sha512-b+zebfKCfRdgNJDknHCob3O7FpeYQN6ZG6YLExMcasDHsCXlsXCEuiPZeLnJLpwa5dvPetGlnGCiMHuLwGvFow=="],

    "@smithy/util-stream/@smithy/util-utf8": ["@smithy/util-utf8@4.0.0", "", { "dependencies": { "@smithy/util-buffer-from": "^4.0.0", "tslib": "^2.6.2" } }, "sha512-b+zebfKCfRdgNJDknHCob3O7FpeYQN6ZG6YLExMcasDHsCXlsXCEuiPZeLnJLpwa5dvPetGlnGCiMHuLwGvFow=="],

    "@smithy/util-utf8/@smithy/util-buffer-from": ["@smithy/util-buffer-from@2.2.0", "", { "dependencies": { "@smithy/is-array-buffer": "^2.2.0", "tslib": "^2.6.2" } }, "sha512-IJdWBbTcMQ6DA0gdNhh/BwrLkDR+ADW5Kr1aZmd4k3DIF6ezMV4R2NIAmT08wQJ3yUK82thHWmC/TnK/wpMMIA=="],

    "@smithy/util-utf8/@smithy/util-buffer-from/@smithy/is-array-buffer": ["@smithy/is-array-buffer@2.2.0", "", { "dependencies": { "tslib": "^2.6.2" } }, "sha512-GGP3O9QFD24uGeAXYUjwSTXARoqpZykHadOmA8G5vfJPK0/DC67qa//0qvqrJzL1xc8WQWX7/yc7fwudjPHPhA=="],
  }
}
